
Microsoft Visual Studio Solution File, Format Version 12.00
# Visual Studio 15
VisualStudioVersion = 15.0.27703.2000
MinimumVisualStudioVersion = 10.0.40219.1
Project("{FAE04EC0-301F-11D3-BF4B-00C04F79EFBC}") = "Sql.Server.Connection", "Sql.Server.Connection\Sql.Server.Connection.csproj", "{F4C7942E-B1EA-4D27-A56A-728AA8DACD26}"
EndProject
Project("{FAE04EC0-301F-11D3-BF4B-00C04F79EFBC}") = "Logger", "Logger\Logger.csproj", "{4DBCF1CE-8AE8-48EF-8F9F-A942C9CA106F}"
EndProject
Project("{FAE04EC0-301F-11D3-BF4B-00C04F79EFBC}") = "Sql.Server.Connection.Test", "Sql.Server.Connection.Test\Sql.Server.Connection.Test.csproj", "{B98D2741-4C4A-4D55-A65B-B3A820B84CE9}"
EndProject
Project("{FAE04EC0-301F-11D3-BF4B-00C04F79EFBC}") = "GameLibrary.Model", "GameLibrary.Model\GameLibrary.Model.csproj", "{4A1F8662-0CB4-4963-9359-6EA88A3169E9}"
EndProject
Project("{FAE04EC0-301F-11D3-BF4B-00C04F79EFBC}") = "GameLibrary.Model.Test", "GameLibrary.Model.Test\GameLibrary.Model.Test.csproj", "{CFDFD2F0-AF80-4AC5-87AF-B18D09446CC7}"
EndProject
Project("{FAE04EC0-301F-11D3-BF4B-00C04F79EFBC}") = "Utilities", "Utilities\Utilities.csproj", "{8BABC182-6D4C-4220-BE93-B26B8BE73531}"
EndProject
Project("{FAE04EC0-301F-11D3-BF4B-00C04F79EFBC}") = "GameLibrary.Core", "GameLibrary.Core\GameLibrary.Core.csproj", "{D93AC6AF-4C75-48C5-937B-3B6D2D81C5F8}"
EndProject
Project("{FAE04EC0-301F-11D3-BF4B-00C04F79EFBC}") = "GameLibrary.Core.Test", "GameLibrary.Core.Test\GameLibrary.Core.Test.csproj", "{0578D20C-D2B8-4A11-95FD-9466BA34BF0E}"
EndProject
Project("{9A19103F-16F7-4668-BE54-9A1E7A4F7556}") = "GameLibrary.gRPC", "GameLibrary.gRPC\GameLibrary.gRPC.csproj", "{70907FB7-849F-487C-9A2D-A8D81A75D5E3}"
EndProject
Project("{9A19103F-16F7-4668-BE54-9A1E7A4F7556}") = "GameLibrary.gRPC.Server", "GameLibrary.gRPC.Server\GameLibrary.gRPC.Server.csproj", "{0AC92619-9824-4F46-8524-740DB042395F}"
EndProject
Project("{9A19103F-16F7-4668-BE54-9A1E7A4F7556}") = "GameLibrary.gRPC.Client", "GameLibrary.gRPC.Client\GameLibrary.gRPC.Client.csproj", "{B3EA20B7-E08F-4FA6-AD77-6E75C25C6993}"
EndProject
Project("{FAE04EC0-301F-11D3-BF4B-00C04F79EFBC}") = "GameLibrary.gRpc.Server.Test", "GameLibrary.gRpc.Server.Test\GameLibrary.gRpc.Server.Test.csproj", "{FAD430AF-2E62-49EB-9923-051AB53A9B4E}"
EndProject
Project("{FAE04EC0-301F-11D3-BF4B-00C04F79EFBC}") = "GameLibrary.gRpc.Client.Test", "GameLibrary.gRpc.Client.Test\GameLibrary.gRpc.Client.Test.csproj", "{77513DED-5369-4FD2-A7DF-1E178BA7F9FC}"
EndProject
Global
	GlobalSection(SolutionConfigurationPlatforms) = preSolution
		Debug|Any CPU = Debug|Any CPU
		Debug|x64 = Debug|x64
		Debug|x86 = Debug|x86
		Release|Any CPU = Release|Any CPU
		Release|x64 = Release|x64
		Release|x86 = Release|x86
	EndGlobalSection
	GlobalSection(ProjectConfigurationPlatforms) = postSolution
		{F4C7942E-B1EA-4D27-A56A-728AA8DACD26}.Debug|Any CPU.ActiveCfg = Debug|Any CPU
		{F4C7942E-B1EA-4D27-A56A-728AA8DACD26}.Debug|Any CPU.Build.0 = Debug|Any CPU
		{F4C7942E-B1EA-4D27-A56A-728AA8DACD26}.Debug|x64.ActiveCfg = Debug|Any CPU
		{F4C7942E-B1EA-4D27-A56A-728AA8DACD26}.Debug|x64.Build.0 = Debug|Any CPU
		{F4C7942E-B1EA-4D27-A56A-728AA8DACD26}.Debug|x86.ActiveCfg = Debug|Any CPU
		{F4C7942E-B1EA-4D27-A56A-728AA8DACD26}.Debug|x86.Build.0 = Debug|Any CPU
		{F4C7942E-B1EA-4D27-A56A-728AA8DACD26}.Release|Any CPU.ActiveCfg = Release|Any CPU
		{F4C7942E-B1EA-4D27-A56A-728AA8DACD26}.Release|Any CPU.Build.0 = Release|Any CPU
		{F4C7942E-B1EA-4D27-A56A-728AA8DACD26}.Release|x64.ActiveCfg = Release|Any CPU
		{F4C7942E-B1EA-4D27-A56A-728AA8DACD26}.Release|x64.Build.0 = Release|Any CPU
		{F4C7942E-B1EA-4D27-A56A-728AA8DACD26}.Release|x86.ActiveCfg = Release|Any CPU
		{F4C7942E-B1EA-4D27-A56A-728AA8DACD26}.Release|x86.Build.0 = Release|Any CPU
		{4DBCF1CE-8AE8-48EF-8F9F-A942C9CA106F}.Debug|Any CPU.ActiveCfg = Debug|Any CPU
		{4DBCF1CE-8AE8-48EF-8F9F-A942C9CA106F}.Debug|Any CPU.Build.0 = Debug|Any CPU
		{4DBCF1CE-8AE8-48EF-8F9F-A942C9CA106F}.Debug|x64.ActiveCfg = Debug|Any CPU
		{4DBCF1CE-8AE8-48EF-8F9F-A942C9CA106F}.Debug|x64.Build.0 = Debug|Any CPU
		{4DBCF1CE-8AE8-48EF-8F9F-A942C9CA106F}.Debug|x86.ActiveCfg = Debug|Any CPU
		{4DBCF1CE-8AE8-48EF-8F9F-A942C9CA106F}.Debug|x86.Build.0 = Debug|Any CPU
		{4DBCF1CE-8AE8-48EF-8F9F-A942C9CA106F}.Release|Any CPU.ActiveCfg = Release|Any CPU
		{4DBCF1CE-8AE8-48EF-8F9F-A942C9CA106F}.Release|Any CPU.Build.0 = Release|Any CPU
		{4DBCF1CE-8AE8-48EF-8F9F-A942C9CA106F}.Release|x64.ActiveCfg = Release|Any CPU
		{4DBCF1CE-8AE8-48EF-8F9F-A942C9CA106F}.Release|x64.Build.0 = Release|Any CPU
		{4DBCF1CE-8AE8-48EF-8F9F-A942C9CA106F}.Release|x86.ActiveCfg = Release|Any CPU
		{4DBCF1CE-8AE8-48EF-8F9F-A942C9CA106F}.Release|x86.Build.0 = Release|Any CPU
		{B98D2741-4C4A-4D55-A65B-B3A820B84CE9}.Debug|Any CPU.ActiveCfg = Debug|Any CPU
		{B98D2741-4C4A-4D55-A65B-B3A820B84CE9}.Debug|Any CPU.Build.0 = Debug|Any CPU
		{B98D2741-4C4A-4D55-A65B-B3A820B84CE9}.Debug|x64.ActiveCfg = Debug|Any CPU
		{B98D2741-4C4A-4D55-A65B-B3A820B84CE9}.Debug|x64.Build.0 = Debug|Any CPU
		{B98D2741-4C4A-4D55-A65B-B3A820B84CE9}.Debug|x86.ActiveCfg = Debug|Any CPU
		{B98D2741-4C4A-4D55-A65B-B3A820B84CE9}.Debug|x86.Build.0 = Debug|Any CPU
		{B98D2741-4C4A-4D55-A65B-B3A820B84CE9}.Release|Any CPU.ActiveCfg = Release|Any CPU
		{B98D2741-4C4A-4D55-A65B-B3A820B84CE9}.Release|Any CPU.Build.0 = Release|Any CPU
		{B98D2741-4C4A-4D55-A65B-B3A820B84CE9}.Release|x64.ActiveCfg = Release|Any CPU
		{B98D2741-4C4A-4D55-A65B-B3A820B84CE9}.Release|x64.Build.0 = Release|Any CPU
		{B98D2741-4C4A-4D55-A65B-B3A820B84CE9}.Release|x86.ActiveCfg = Release|Any CPU
		{B98D2741-4C4A-4D55-A65B-B3A820B84CE9}.Release|x86.Build.0 = Release|Any CPU
		{4A1F8662-0CB4-4963-9359-6EA88A3169E9}.Debug|Any CPU.ActiveCfg = Debug|Any CPU
		{4A1F8662-0CB4-4963-9359-6EA88A3169E9}.Debug|Any CPU.Build.0 = Debug|Any CPU
		{4A1F8662-0CB4-4963-9359-6EA88A3169E9}.Debug|x64.ActiveCfg = Debug|Any CPU
		{4A1F8662-0CB4-4963-9359-6EA88A3169E9}.Debug|x64.Build.0 = Debug|Any CPU
		{4A1F8662-0CB4-4963-9359-6EA88A3169E9}.Debug|x86.ActiveCfg = Debug|Any CPU
		{4A1F8662-0CB4-4963-9359-6EA88A3169E9}.Debug|x86.Build.0 = Debug|Any CPU
		{4A1F8662-0CB4-4963-9359-6EA88A3169E9}.Release|Any CPU.ActiveCfg = Release|Any CPU
		{4A1F8662-0CB4-4963-9359-6EA88A3169E9}.Release|Any CPU.Build.0 = Release|Any CPU
		{4A1F8662-0CB4-4963-9359-6EA88A3169E9}.Release|x64.ActiveCfg = Release|Any CPU
		{4A1F8662-0CB4-4963-9359-6EA88A3169E9}.Release|x64.Build.0 = Release|Any CPU
		{4A1F8662-0CB4-4963-9359-6EA88A3169E9}.Release|x86.ActiveCfg = Release|Any CPU
		{4A1F8662-0CB4-4963-9359-6EA88A3169E9}.Release|x86.Build.0 = Release|Any CPU
		{CFDFD2F0-AF80-4AC5-87AF-B18D09446CC7}.Debug|Any CPU.ActiveCfg = Debug|Any CPU
		{CFDFD2F0-AF80-4AC5-87AF-B18D09446CC7}.Debug|Any CPU.Build.0 = Debug|Any CPU
		{CFDFD2F0-AF80-4AC5-87AF-B18D09446CC7}.Debug|x64.ActiveCfg = Debug|Any CPU
		{CFDFD2F0-AF80-4AC5-87AF-B18D09446CC7}.Debug|x64.Build.0 = Debug|Any CPU
		{CFDFD2F0-AF80-4AC5-87AF-B18D09446CC7}.Debug|x86.ActiveCfg = Debug|Any CPU
		{CFDFD2F0-AF80-4AC5-87AF-B18D09446CC7}.Debug|x86.Build.0 = Debug|Any CPU
		{CFDFD2F0-AF80-4AC5-87AF-B18D09446CC7}.Release|Any CPU.ActiveCfg = Release|Any CPU
		{CFDFD2F0-AF80-4AC5-87AF-B18D09446CC7}.Release|Any CPU.Build.0 = Release|Any CPU
		{CFDFD2F0-AF80-4AC5-87AF-B18D09446CC7}.Release|x64.ActiveCfg = Release|Any CPU
		{CFDFD2F0-AF80-4AC5-87AF-B18D09446CC7}.Release|x64.Build.0 = Release|Any CPU
		{CFDFD2F0-AF80-4AC5-87AF-B18D09446CC7}.Release|x86.ActiveCfg = Release|Any CPU
		{CFDFD2F0-AF80-4AC5-87AF-B18D09446CC7}.Release|x86.Build.0 = Release|Any CPU
		{8BABC182-6D4C-4220-BE93-B26B8BE73531}.Debug|Any CPU.ActiveCfg = Debug|Any CPU
		{8BABC182-6D4C-4220-BE93-B26B8BE73531}.Debug|Any CPU.Build.0 = Debug|Any CPU
		{8BABC182-6D4C-4220-BE93-B26B8BE73531}.Debug|x64.ActiveCfg = Debug|Any CPU
		{8BABC182-6D4C-4220-BE93-B26B8BE73531}.Debug|x64.Build.0 = Debug|Any CPU
		{8BABC182-6D4C-4220-BE93-B26B8BE73531}.Debug|x86.ActiveCfg = Debug|Any CPU
		{8BABC182-6D4C-4220-BE93-B26B8BE73531}.Debug|x86.Build.0 = Debug|Any CPU
		{8BABC182-6D4C-4220-BE93-B26B8BE73531}.Release|Any CPU.ActiveCfg = Release|Any CPU
		{8BABC182-6D4C-4220-BE93-B26B8BE73531}.Release|Any CPU.Build.0 = Release|Any CPU
		{8BABC182-6D4C-4220-BE93-B26B8BE73531}.Release|x64.ActiveCfg = Release|Any CPU
		{8BABC182-6D4C-4220-BE93-B26B8BE73531}.Release|x64.Build.0 = Release|Any CPU
		{8BABC182-6D4C-4220-BE93-B26B8BE73531}.Release|x86.ActiveCfg = Release|Any CPU
		{8BABC182-6D4C-4220-BE93-B26B8BE73531}.Release|x86.Build.0 = Release|Any CPU
		{D93AC6AF-4C75-48C5-937B-3B6D2D81C5F8}.Debug|Any CPU.ActiveCfg = Debug|Any CPU
		{D93AC6AF-4C75-48C5-937B-3B6D2D81C5F8}.Debug|Any CPU.Build.0 = Debug|Any CPU
		{D93AC6AF-4C75-48C5-937B-3B6D2D81C5F8}.Debug|x64.ActiveCfg = Debug|Any CPU
		{D93AC6AF-4C75-48C5-937B-3B6D2D81C5F8}.Debug|x64.Build.0 = Debug|Any CPU
		{D93AC6AF-4C75-48C5-937B-3B6D2D81C5F8}.Debug|x86.ActiveCfg = Debug|Any CPU
		{D93AC6AF-4C75-48C5-937B-3B6D2D81C5F8}.Debug|x86.Build.0 = Debug|Any CPU
		{D93AC6AF-4C75-48C5-937B-3B6D2D81C5F8}.Release|Any CPU.ActiveCfg = Release|Any CPU
		{D93AC6AF-4C75-48C5-937B-3B6D2D81C5F8}.Release|Any CPU.Build.0 = Release|Any CPU
		{D93AC6AF-4C75-48C5-937B-3B6D2D81C5F8}.Release|x64.ActiveCfg = Release|Any CPU
		{D93AC6AF-4C75-48C5-937B-3B6D2D81C5F8}.Release|x64.Build.0 = Release|Any CPU
		{D93AC6AF-4C75-48C5-937B-3B6D2D81C5F8}.Release|x86.ActiveCfg = Release|Any CPU
		{D93AC6AF-4C75-48C5-937B-3B6D2D81C5F8}.Release|x86.Build.0 = Release|Any CPU
		{0578D20C-D2B8-4A11-95FD-9466BA34BF0E}.Debug|Any CPU.ActiveCfg = Debug|Any CPU
		{0578D20C-D2B8-4A11-95FD-9466BA34BF0E}.Debug|Any CPU.Build.0 = Debug|Any CPU
		{0578D20C-D2B8-4A11-95FD-9466BA34BF0E}.Debug|x64.ActiveCfg = Debug|Any CPU
		{0578D20C-D2B8-4A11-95FD-9466BA34BF0E}.Debug|x64.Build.0 = Debug|Any CPU
		{0578D20C-D2B8-4A11-95FD-9466BA34BF0E}.Debug|x86.ActiveCfg = Debug|Any CPU
		{0578D20C-D2B8-4A11-95FD-9466BA34BF0E}.Debug|x86.Build.0 = Debug|Any CPU
		{0578D20C-D2B8-4A11-95FD-9466BA34BF0E}.Release|Any CPU.ActiveCfg = Release|Any CPU
		{0578D20C-D2B8-4A11-95FD-9466BA34BF0E}.Release|Any CPU.Build.0 = Release|Any CPU
		{0578D20C-D2B8-4A11-95FD-9466BA34BF0E}.Release|x64.ActiveCfg = Release|Any CPU
		{0578D20C-D2B8-4A11-95FD-9466BA34BF0E}.Release|x64.Build.0 = Release|Any CPU
		{0578D20C-D2B8-4A11-95FD-9466BA34BF0E}.Release|x86.ActiveCfg = Release|Any CPU
		{0578D20C-D2B8-4A11-95FD-9466BA34BF0E}.Release|x86.Build.0 = Release|Any CPU
		{70907FB7-849F-487C-9A2D-A8D81A75D5E3}.Debug|Any CPU.ActiveCfg = Debug|Any CPU
		{70907FB7-849F-487C-9A2D-A8D81A75D5E3}.Debug|Any CPU.Build.0 = Debug|Any CPU
		{70907FB7-849F-487C-9A2D-A8D81A75D5E3}.Debug|x64.ActiveCfg = Debug|x64
		{70907FB7-849F-487C-9A2D-A8D81A75D5E3}.Debug|x64.Build.0 = Debug|x64
		{70907FB7-849F-487C-9A2D-A8D81A75D5E3}.Debug|x86.ActiveCfg = Debug|x86
		{70907FB7-849F-487C-9A2D-A8D81A75D5E3}.Debug|x86.Build.0 = Debug|x86
		{70907FB7-849F-487C-9A2D-A8D81A75D5E3}.Release|Any CPU.ActiveCfg = Release|Any CPU
		{70907FB7-849F-487C-9A2D-A8D81A75D5E3}.Release|Any CPU.Build.0 = Release|Any CPU
		{70907FB7-849F-487C-9A2D-A8D81A75D5E3}.Release|x64.ActiveCfg = Release|x64
		{70907FB7-849F-487C-9A2D-A8D81A75D5E3}.Release|x64.Build.0 = Release|x64
		{70907FB7-849F-487C-9A2D-A8D81A75D5E3}.Release|x86.ActiveCfg = Release|x86
		{70907FB7-849F-487C-9A2D-A8D81A75D5E3}.Release|x86.Build.0 = Release|x86
		{0AC92619-9824-4F46-8524-740DB042395F}.Debug|Any CPU.ActiveCfg = Debug|Any CPU
		{0AC92619-9824-4F46-8524-740DB042395F}.Debug|Any CPU.Build.0 = Debug|Any CPU
		{0AC92619-9824-4F46-8524-740DB042395F}.Debug|x64.ActiveCfg = Debug|x64
		{0AC92619-9824-4F46-8524-740DB042395F}.Debug|x64.Build.0 = Debug|x64
		{0AC92619-9824-4F46-8524-740DB042395F}.Debug|x86.ActiveCfg = Debug|x86
		{0AC92619-9824-4F46-8524-740DB042395F}.Debug|x86.Build.0 = Debug|x86
		{0AC92619-9824-4F46-8524-740DB042395F}.Release|Any CPU.ActiveCfg = Release|Any CPU
		{0AC92619-9824-4F46-8524-740DB042395F}.Release|Any CPU.Build.0 = Release|Any CPU
		{0AC92619-9824-4F46-8524-740DB042395F}.Release|x64.ActiveCfg = Release|x64
		{0AC92619-9824-4F46-8524-740DB042395F}.Release|x64.Build.0 = Release|x64
		{0AC92619-9824-4F46-8524-740DB042395F}.Release|x86.ActiveCfg = Release|x86
		{0AC92619-9824-4F46-8524-740DB042395F}.Release|x86.Build.0 = Release|x86
		{B3EA20B7-E08F-4FA6-AD77-6E75C25C6993}.Debug|Any CPU.ActiveCfg = Debug|Any CPU
		{B3EA20B7-E08F-4FA6-AD77-6E75C25C6993}.Debug|Any CPU.Build.0 = Debug|Any CPU
		{B3EA20B7-E08F-4FA6-AD77-6E75C25C6993}.Debug|x64.ActiveCfg = Debug|x64
		{B3EA20B7-E08F-4FA6-AD77-6E75C25C6993}.Debug|x64.Build.0 = Debug|x64
		{B3EA20B7-E08F-4FA6-AD77-6E75C25C6993}.Debug|x86.ActiveCfg = Debug|x86
		{B3EA20B7-E08F-4FA6-AD77-6E75C25C6993}.Debug|x86.Build.0 = Debug|x86
		{B3EA20B7-E08F-4FA6-AD77-6E75C25C6993}.Release|Any CPU.ActiveCfg = Release|Any CPU
		{B3EA20B7-E08F-4FA6-AD77-6E75C25C6993}.Release|Any CPU.Build.0 = Release|Any CPU
		{B3EA20B7-E08F-4FA6-AD77-6E75C25C6993}.Release|x64.ActiveCfg = Release|x64
		{B3EA20B7-E08F-4FA6-AD77-6E75C25C6993}.Release|x64.Build.0 = Release|x64
		{B3EA20B7-E08F-4FA6-AD77-6E75C25C6993}.Release|x86.ActiveCfg = Release|x86
		{B3EA20B7-E08F-4FA6-AD77-6E75C25C6993}.Release|x86.Build.0 = Release|x86
		{FAD430AF-2E62-49EB-9923-051AB53A9B4E}.Debug|Any CPU.ActiveCfg = Debug|Any CPU
		{FAD430AF-2E62-49EB-9923-051AB53A9B4E}.Debug|Any CPU.Build.0 = Debug|Any CPU
		{FAD430AF-2E62-49EB-9923-051AB53A9B4E}.Debug|x64.ActiveCfg = Debug|Any CPU
		{FAD430AF-2E62-49EB-9923-051AB53A9B4E}.Debug|x64.Build.0 = Debug|Any CPU
		{FAD430AF-2E62-49EB-9923-051AB53A9B4E}.Debug|x86.ActiveCfg = Debug|Any CPU
		{FAD430AF-2E62-49EB-9923-051AB53A9B4E}.Debug|x86.Build.0 = Debug|Any CPU
		{FAD430AF-2E62-49EB-9923-051AB53A9B4E}.Release|Any CPU.ActiveCfg = Release|Any CPU
		{FAD430AF-2E62-49EB-9923-051AB53A9B4E}.Release|Any CPU.Build.0 = Release|Any CPU
		{FAD430AF-2E62-49EB-9923-051AB53A9B4E}.Release|x64.ActiveCfg = Release|Any CPU
		{FAD430AF-2E62-49EB-9923-051AB53A9B4E}.Release|x64.Build.0 = Release|Any CPU
		{FAD430AF-2E62-49EB-9923-051AB53A9B4E}.Release|x86.ActiveCfg = Release|Any CPU
		{FAD430AF-2E62-49EB-9923-051AB53A9B4E}.Release|x86.Build.0 = Release|Any CPU
		{77513DED-5369-4FD2-A7DF-1E178BA7F9FC}.Debug|Any CPU.ActiveCfg = Debug|Any CPU
		{77513DED-5369-4FD2-A7DF-1E178BA7F9FC}.Debug|Any CPU.Build.0 = Debug|Any CPU
		{77513DED-5369-4FD2-A7DF-1E178BA7F9FC}.Debug|x64.ActiveCfg = Debug|Any CPU
		{77513DED-5369-4FD2-A7DF-1E178BA7F9FC}.Debug|x64.Build.0 = Debug|Any CPU
		{77513DED-5369-4FD2-A7DF-1E178BA7F9FC}.Debug|x86.ActiveCfg = Debug|Any CPU
		{77513DED-5369-4FD2-A7DF-1E178BA7F9FC}.Debug|x86.Build.0 = Debug|Any CPU
		{77513DED-5369-4FD2-A7DF-1E178BA7F9FC}.Release|Any CPU.ActiveCfg = Release|Any CPU
		{77513DED-5369-4FD2-A7DF-1E178BA7F9FC}.Release|Any CPU.Build.0 = Release|Any CPU
		{77513DED-5369-4FD2-A7DF-1E178BA7F9FC}.Release|x64.ActiveCfg = Release|Any CPU
		{77513DED-5369-4FD2-A7DF-1E178BA7F9FC}.Release|x64.Build.0 = Release|Any CPU
		{77513DED-5369-4FD2-A7DF-1E178BA7F9FC}.Release|x86.ActiveCfg = Release|Any CPU
		{77513DED-5369-4FD2-A7DF-1E178BA7F9FC}.Release|x86.Build.0 = Release|Any CPU
	EndGlobalSection
	GlobalSection(SolutionProperties) = preSolution
		HideSolutionNode = FALSE
	EndGlobalSection
	GlobalSection(ExtensibilityGlobals) = postSolution
		SolutionGuid = {D9EAAF09-D779-4DE7-9597-DC7794F01074}
	EndGlobalSection
EndGlobal
